
Microsoft Visual Studio Solution File, Format Version 12.00
# Visual Studio Version 17
VisualStudioVersion = 17.14.36623.8 d17.14
MinimumVisualStudioVersion = 10.0.40219.1
Project("{FAE04EC0-301F-11D3-BF4B-00C04F79EFBC}") = "ModuloAPI", "ModuloAPI.csproj", "{CFD10C53-107E-4E1D-AF70-0DE13F82FEBA}"
EndProject
Global
	GlobalSection(SolutionConfigurationPlatforms) = preSolution
		Debug|Any CPU = Debug|Any CPU
		Release|Any CPU = Release|Any CPU
	EndGlobalSection
	GlobalSection(ProjectConfigurationPlatforms) = postSolution
		{CFD10C53-107E-4E1D-AF70-0DE13F82FEBA}.Debug|Any CPU.ActiveCfg = Debug|Any CPU
		{CFD10C53-107E-4E1D-AF70-0DE13F82FEBA}.Debug|Any CPU.Build.0 = Debug|Any CPU
		{CFD10C53-107E-4E1D-AF70-0DE13F82FEBA}.Release|Any CPU.ActiveCfg = Release|Any CPU
		{CFD10C53-107E-4E1D-AF70-0DE13F82FEBA}.Release|Any CPU.Build.0 = Release|Any CPU
	EndGlobalSection
	GlobalSection(SolutionProperties) = preSolution
		HideSolutionNode = FALSE
	EndGlobalSection
	GlobalSection(ExtensibilityGlobals) = postSolution
		SolutionGuid = {2282EF26-DECC-4659-A3DA-78492BE9C597}
	EndGlobalSection
EndGlobal
