
Microsoft Visual Studio Solution File, Format Version 12.00
# Visual Studio Version 17
VisualStudioVersion = 17.14.36623.8 d17.14
MinimumVisualStudioVersion = 10.0.40219.1
Project("{FAE04EC0-301F-11D3-BF4B-00C04F79EFBC}") = "Agendamento de Tarefas", "Agendamento de Tarefas.csproj", "{916AF89B-371E-43A8-8649-298E1CF3BFE5}"
EndProject
Global
	GlobalSection(SolutionConfigurationPlatforms) = preSolution
		Debug|Any CPU = Debug|Any CPU
		Release|Any CPU = Release|Any CPU
	EndGlobalSection
	GlobalSection(ProjectConfigurationPlatforms) = postSolution
		{916AF89B-371E-43A8-8649-298E1CF3BFE5}.Debug|Any CPU.ActiveCfg = Debug|Any CPU
		{916AF89B-371E-43A8-8649-298E1CF3BFE5}.Debug|Any CPU.Build.0 = Debug|Any CPU
		{916AF89B-371E-43A8-8649-298E1CF3BFE5}.Release|Any CPU.ActiveCfg = Release|Any CPU
		{916AF89B-371E-43A8-8649-298E1CF3BFE5}.Release|Any CPU.Build.0 = Release|Any CPU
	EndGlobalSection
	GlobalSection(SolutionProperties) = preSolution
		HideSolutionNode = FALSE
	EndGlobalSection
	GlobalSection(ExtensibilityGlobals) = postSolution
		SolutionGuid = {A4ECB782-42F6-42FD-8C9C-4FD8967E114B}
	EndGlobalSection
EndGlobal
